// !$*UTF8*$!
{
	archiveVersion = 1;
	classes = {
	};
	objectVersion = 55;
	objects = {

/* Begin PBXBuildFile section */
		D63ED992298BD3510036DCAA /* CalculatorApp.swift in Sources */ = {isa = PBXBuildFile; fileRef = D63ED991298BD3510036DCAA /* CalculatorApp.swift */; };
		D63ED994298BD3510036DCAA /* ContentView.swift in Sources */ = {isa = PBXBuildFile; fileRef = D63ED993298BD3510036DCAA /* ContentView.swift */; };
		D63ED996298BD3520036DCAA /* Assets.xcassets in Resources */ = {isa = PBXBuildFile; fileRef = D63ED995298BD3520036DCAA /* Assets.xcassets */; };
		D63ED999298BD3520036DCAA /* Preview Assets.xcassets in Resources */ = {isa = PBXBuildFile; fileRef = D63ED998298BD3520036DCAA /* Preview Assets.xcassets */; };
		D63ED9A3298BD3530036DCAA /* CalculatorTests.swift in Sources */ = {isa = PBXBuildFile; fileRef = D63ED9A2298BD3530036DCAA /* CalculatorTests.swift */; };
		D63ED9AD298BD3530036DCAA /* CalculatorUITests.swift in Sources */ = {isa = PBXBuildFile; fileRef = D63ED9AC298BD3530036DCAA /* CalculatorUITests.swift */; };
		D63ED9AF298BD3530036DCAA /* CalculatorUITestsLaunchTests.swift in Sources */ = {isa = PBXBuildFile; fileRef = D63ED9AE298BD3530036DCAA /* CalculatorUITestsLaunchTests.swift */; };
		D63ED9C0298BF7100036DCAA /* Colors.swift in Sources */ = {isa = PBXBuildFile; fileRef = D63ED9BF298BF7100036DCAA /* Colors.swift */; };
		D63ED9C2298BFE510036DCAA /* Constants.swift in Sources */ = {isa = PBXBuildFile; fileRef = D63ED9C1298BFE510036DCAA /* Constants.swift */; };
		D63ED9C6298C01A30036DCAA /* ButtonEnums.swift in Sources */ = {isa = PBXBuildFile; fileRef = D63ED9C5298C01A30036DCAA /* ButtonEnums.swift */; };
		D63ED9C9298C1ECA0036DCAA /* AppUtils.swift in Sources */ = {isa = PBXBuildFile; fileRef = D63ED9C8298C1ECA0036DCAA /* AppUtils.swift */; };
		D63ED9CD298C226B0036DCAA /* CalculatorButton.swift in Sources */ = {isa = PBXBuildFile; fileRef = D63ED9CC298C226B0036DCAA /* CalculatorButton.swift */; };
		D63ED9D0298C24C20036DCAA /* Styles.swift in Sources */ = {isa = PBXBuildFile; fileRef = D63ED9CF298C24C20036DCAA /* Styles.swift */; };
		D63ED9D2298C280F0036DCAA /* CalculatorDisplay.swift in Sources */ = {isa = PBXBuildFile; fileRef = D63ED9D1298C280F0036DCAA /* CalculatorDisplay.swift */; };
		D63ED9D5298C37B00036DCAA /* CalculatorViewModel.swift in Sources */ = {isa = PBXBuildFile; fileRef = D63ED9D4298C37B00036DCAA /* CalculatorViewModel.swift */; };
		D6429D05298EEE0C0014AEA1 /* Strings.swift in Sources */ = {isa = PBXBuildFile; fileRef = D6429D04298EEE0C0014AEA1 /* Strings.swift */; };
		D6983A362997C30D00C4DAE4 /* ButtonItem.swift in Sources */ = {isa = PBXBuildFile; fileRef = D6983A352997C30D00C4DAE4 /* ButtonItem.swift */; };
/* End PBXBuildFile section */

/* Begin PBXContainerItemProxy section */
		D63ED99F298BD3530036DCAA /* PBXContainerItemProxy */ = {
			isa = PBXContainerItemProxy;
			containerPortal = D63ED986298BD3510036DCAA /* Project object */;
			proxyType = 1;
			remoteGlobalIDString = D63ED98D298BD3510036DCAA;
			remoteInfo = Calculator;
		};
		D63ED9A9298BD3530036DCAA /* PBXContainerItemProxy */ = {
			isa = PBXContainerItemProxy;
			containerPortal = D63ED986298BD3510036DCAA /* Project object */;
			proxyType = 1;
			remoteGlobalIDString = D63ED98D298BD3510036DCAA;
			remoteInfo = Calculator;
		};
/* End PBXContainerItemProxy section */

/* Begin PBXFileReference section */
		D63ED98E298BD3510036DCAA /* Calculator.app */ = {isa = PBXFileReference; explicitFileType = wrapper.application; includeInIndex = 0; path = Calculator.app; sourceTree = BUILT_PRODUCTS_DIR; };
		D63ED991298BD3510036DCAA /* CalculatorApp.swift */ = {isa = PBXFileReference; lastKnownFileType = sourcecode.swift; path = CalculatorApp.swift; sourceTree = "<group>"; };
		D63ED993298BD3510036DCAA /* ContentView.swift */ = {isa = PBXFileReference; lastKnownFileType = sourcecode.swift; path = ContentView.swift; sourceTree = "<group>"; };
		D63ED995298BD3520036DCAA /* Assets.xcassets */ = {isa = PBXFileReference; lastKnownFileType = folder.assetcatalog; path = Assets.xcassets; sourceTree = "<group>"; };
		D63ED998298BD3520036DCAA /* Preview Assets.xcassets */ = {isa = PBXFileReference; lastKnownFileType = folder.assetcatalog; path = "Preview Assets.xcassets"; sourceTree = "<group>"; };
		D63ED99E298BD3530036DCAA /* CalculatorTests.xctest */ = {isa = PBXFileReference; explicitFileType = wrapper.cfbundle; includeInIndex = 0; path = CalculatorTests.xctest; sourceTree = BUILT_PRODUCTS_DIR; };
		D63ED9A2298BD3530036DCAA /* CalculatorTests.swift */ = {isa = PBXFileReference; lastKnownFileType = sourcecode.swift; path = CalculatorTests.swift; sourceTree = "<group>"; };
		D63ED9A8298BD3530036DCAA /* CalculatorUITests.xctest */ = {isa = PBXFileReference; explicitFileType = wrapper.cfbundle; includeInIndex = 0; path = CalculatorUITests.xctest; sourceTree = BUILT_PRODUCTS_DIR; };
		D63ED9AC298BD3530036DCAA /* CalculatorUITests.swift */ = {isa = PBXFileReference; lastKnownFileType = sourcecode.swift; path = CalculatorUITests.swift; sourceTree = "<group>"; };
		D63ED9AE298BD3530036DCAA /* CalculatorUITestsLaunchTests.swift */ = {isa = PBXFileReference; lastKnownFileType = sourcecode.swift; path = CalculatorUITestsLaunchTests.swift; sourceTree = "<group>"; };
		D63ED9BF298BF7100036DCAA /* Colors.swift */ = {isa = PBXFileReference; lastKnownFileType = sourcecode.swift; path = Colors.swift; sourceTree = "<group>"; };
		D63ED9C1298BFE510036DCAA /* Constants.swift */ = {isa = PBXFileReference; lastKnownFileType = sourcecode.swift; path = Constants.swift; sourceTree = "<group>"; };
		D63ED9C5298C01A30036DCAA /* ButtonEnums.swift */ = {isa = PBXFileReference; lastKnownFileType = sourcecode.swift; path = ButtonEnums.swift; sourceTree = "<group>"; };
		D63ED9C8298C1ECA0036DCAA /* AppUtils.swift */ = {isa = PBXFileReference; lastKnownFileType = sourcecode.swift; path = AppUtils.swift; sourceTree = "<group>"; };
		D63ED9CC298C226B0036DCAA /* CalculatorButton.swift */ = {isa = PBXFileReference; lastKnownFileType = sourcecode.swift; path = CalculatorButton.swift; sourceTree = "<group>"; };
		D63ED9CF298C24C20036DCAA /* Styles.swift */ = {isa = PBXFileReference; lastKnownFileType = sourcecode.swift; path = Styles.swift; sourceTree = "<group>"; };
		D63ED9D1298C280F0036DCAA /* CalculatorDisplay.swift */ = {isa = PBXFileReference; lastKnownFileType = sourcecode.swift; path = CalculatorDisplay.swift; sourceTree = "<group>"; };
		D63ED9D4298C37B00036DCAA /* CalculatorViewModel.swift */ = {isa = PBXFileReference; lastKnownFileType = sourcecode.swift; path = CalculatorViewModel.swift; sourceTree = "<group>"; };
		D6429D04298EEE0C0014AEA1 /* Strings.swift */ = {isa = PBXFileReference; lastKnownFileType = sourcecode.swift; path = Strings.swift; sourceTree = "<group>"; };
		D6983A352997C30D00C4DAE4 /* ButtonItem.swift */ = {isa = PBXFileReference; lastKnownFileType = sourcecode.swift; path = ButtonItem.swift; sourceTree = "<group>"; };
/* End PBXFileReference section */

/* Begin PBXFrameworksBuildPhase section */
		D63ED98B298BD3510036DCAA /* Frameworks */ = {
			isa = PBXFrameworksBuildPhase;
			buildActionMask = 2147483647;
			files = (
			);
			runOnlyForDeploymentPostprocessing = 0;
		};
		D63ED99B298BD3530036DCAA /* Frameworks */ = {
			isa = PBXFrameworksBuildPhase;
			buildActionMask = 2147483647;
			files = (
			);
			runOnlyForDeploymentPostprocessing = 0;
		};
		D63ED9A5298BD3530036DCAA /* Frameworks */ = {
			isa = PBXFrameworksBuildPhase;
			buildActionMask = 2147483647;
			files = (
			);
			runOnlyForDeploymentPostprocessing = 0;
		};
/* End PBXFrameworksBuildPhase section */

/* Begin PBXGroup section */
		D63ED985298BD3510036DCAA = {
			isa = PBXGroup;
			children = (
				D63ED990298BD3510036DCAA /* Calculator */,
				D63ED9A1298BD3530036DCAA /* CalculatorTests */,
				D63ED9AB298BD3530036DCAA /* CalculatorUITests */,
				D63ED98F298BD3510036DCAA /* Products */,
			);
			sourceTree = "<group>";
		};
		D63ED98F298BD3510036DCAA /* Products */ = {
			isa = PBXGroup;
			children = (
				D63ED98E298BD3510036DCAA /* Calculator.app */,
				D63ED99E298BD3530036DCAA /* CalculatorTests.xctest */,
				D63ED9A8298BD3530036DCAA /* CalculatorUITests.xctest */,
			);
			name = Products;
			sourceTree = "<group>";
		};
		D63ED990298BD3510036DCAA /* Calculator */ = {
			isa = PBXGroup;
			children = (
				D63ED9D3298C37A10036DCAA /* ViewModel */,
				D63ED9CA298C221E0036DCAA /* View */,
				D63ED9C3298C01850036DCAA /* Model */,
				D63ED9BE298BF6FC0036DCAA /* Common */,
				D63ED9BD298BF6C10036DCAA /* Utils */,
				D63ED991298BD3510036DCAA /* CalculatorApp.swift */,
				D63ED995298BD3520036DCAA /* Assets.xcassets */,
				D63ED997298BD3520036DCAA /* Preview Content */,
			);
			path = Calculator;
			sourceTree = "<group>";
		};
		D63ED997298BD3520036DCAA /* Preview Content */ = {
			isa = PBXGroup;
			children = (
				D63ED998298BD3520036DCAA /* Preview Assets.xcassets */,
			);
			path = "Preview Content";
			sourceTree = "<group>";
		};
		D63ED9A1298BD3530036DCAA /* CalculatorTests */ = {
			isa = PBXGroup;
			children = (
				D63ED9A2298BD3530036DCAA /* CalculatorTests.swift */,
			);
			path = CalculatorTests;
			sourceTree = "<group>";
		};
		D63ED9AB298BD3530036DCAA /* CalculatorUITests */ = {
			isa = PBXGroup;
			children = (
				D63ED9AC298BD3530036DCAA /* CalculatorUITests.swift */,
				D63ED9AE298BD3530036DCAA /* CalculatorUITestsLaunchTests.swift */,
			);
			path = CalculatorUITests;
			sourceTree = "<group>";
		};
		D63ED9BD298BF6C10036DCAA /* Utils */ = {
			isa = PBXGroup;
			children = (
				D63ED9C8298C1ECA0036DCAA /* AppUtils.swift */,
			);
			path = Utils;
			sourceTree = "<group>";
		};
		D63ED9BE298BF6FC0036DCAA /* Common */ = {
			isa = PBXGroup;
			children = (
				D63ED9BF298BF7100036DCAA /* Colors.swift */,
				D63ED9C1298BFE510036DCAA /* Constants.swift */,
				D63ED9CF298C24C20036DCAA /* Styles.swift */,
				D6429D04298EEE0C0014AEA1 /* Strings.swift */,
			);
			path = Common;
			sourceTree = "<group>";
		};
		D63ED9C3298C01850036DCAA /* Model */ = {
			isa = PBXGroup;
			children = (
				D63ED9C4298C01930036DCAA /* Enums */,
			);
			path = Model;
			sourceTree = "<group>";
		};
		D63ED9C4298C01930036DCAA /* Enums */ = {
			isa = PBXGroup;
			children = (
				D63ED9C5298C01A30036DCAA /* ButtonEnums.swift */,
			);
			path = Enums;
			sourceTree = "<group>";
		};
		D63ED9CA298C221E0036DCAA /* View */ = {
			isa = PBXGroup;
			children = (
				D63ED9CB298C22330036DCAA /* Components */,
				D63ED993298BD3510036DCAA /* ContentView.swift */,
			);
			path = View;
			sourceTree = "<group>";
		};
		D63ED9CB298C22330036DCAA /* Components */ = {
			isa = PBXGroup;
			children = (
				D6983A342997C2CE00C4DAE4 /* Molecules */,
				D6983A332997C2C200C4DAE4 /* Atoms */,
			);
			path = Components;
			sourceTree = "<group>";
		};
		D63ED9D3298C37A10036DCAA /* ViewModel */ = {
			isa = PBXGroup;
			children = (
				D63ED9D4298C37B00036DCAA /* CalculatorViewModel.swift */,
			);
			path = ViewModel;
			sourceTree = "<group>";
		};
		D6983A332997C2C200C4DAE4 /* Atoms */ = {
			isa = PBXGroup;
			children = (
				D6983A352997C30D00C4DAE4 /* ButtonItem.swift */,
			);
			path = Atoms;
			sourceTree = "<group>";
		};
		D6983A342997C2CE00C4DAE4 /* Molecules */ = {
			isa = PBXGroup;
			children = (
				D63ED9CC298C226B0036DCAA /* CalculatorButton.swift */,
				D63ED9D1298C280F0036DCAA /* CalculatorDisplay.swift */,
			);
			path = Molecules;
			sourceTree = "<group>";
		};
/* End PBXGroup section */

/* Begin PBXNativeTarget section */
		D63ED98D298BD3510036DCAA /* Calculator */ = {
			isa = PBXNativeTarget;
			buildConfigurationList = D63ED9B2298BD3530036DCAA /* Build configuration list for PBXNativeTarget "Calculator" */;
			buildPhases = (
				D63ED98A298BD3510036DCAA /* Sources */,
				D63ED98B298BD3510036DCAA /* Frameworks */,
				D63ED98C298BD3510036DCAA /* Resources */,
			);
			buildRules = (
			);
			dependencies = (
			);
			name = Calculator;
			productName = Calculator;
			productReference = D63ED98E298BD3510036DCAA /* Calculator.app */;
			productType = "com.apple.product-type.application";
		};
		D63ED99D298BD3530036DCAA /* CalculatorTests */ = {
			isa = PBXNativeTarget;
			buildConfigurationList = D63ED9B5298BD3530036DCAA /* Build configuration list for PBXNativeTarget "CalculatorTests" */;
			buildPhases = (
				D63ED99A298BD3530036DCAA /* Sources */,
				D63ED99B298BD3530036DCAA /* Frameworks */,
				D63ED99C298BD3530036DCAA /* Resources */,
			);
			buildRules = (
			);
			dependencies = (
				D63ED9A0298BD3530036DCAA /* PBXTargetDependency */,
			);
			name = CalculatorTests;
			productName = CalculatorTests;
			productReference = D63ED99E298BD3530036DCAA /* CalculatorTests.xctest */;
			productType = "com.apple.product-type.bundle.unit-test";
		};
		D63ED9A7298BD3530036DCAA /* CalculatorUITests */ = {
			isa = PBXNativeTarget;
			buildConfigurationList = D63ED9B8298BD3530036DCAA /* Build configuration list for PBXNativeTarget "CalculatorUITests" */;
			buildPhases = (
				D63ED9A4298BD3530036DCAA /* Sources */,
				D63ED9A5298BD3530036DCAA /* Frameworks */,
				D63ED9A6298BD3530036DCAA /* Resources */,
			);
			buildRules = (
			);
			dependencies = (
				D63ED9AA298BD3530036DCAA /* PBXTargetDependency */,
			);
			name = CalculatorUITests;
			productName = CalculatorUITests;
			productReference = D63ED9A8298BD3530036DCAA /* CalculatorUITests.xctest */;
			productType = "com.apple.product-type.bundle.ui-testing";
		};
/* End PBXNativeTarget section */

/* Begin PBXProject section */
		D63ED986298BD3510036DCAA /* Project object */ = {
			isa = PBXProject;
			attributes = {
				BuildIndependentTargetsInParallel = 1;
				LastSwiftUpdateCheck = 1340;
				LastUpgradeCheck = 1340;
				TargetAttributes = {
					D63ED98D298BD3510036DCAA = {
						CreatedOnToolsVersion = 13.4.1;
					};
					D63ED99D298BD3530036DCAA = {
						CreatedOnToolsVersion = 13.4.1;
						TestTargetID = D63ED98D298BD3510036DCAA;
					};
					D63ED9A7298BD3530036DCAA = {
						CreatedOnToolsVersion = 13.4.1;
						TestTargetID = D63ED98D298BD3510036DCAA;
					};
				};
			};
			buildConfigurationList = D63ED989298BD3510036DCAA /* Build configuration list for PBXProject "Calculator" */;
			compatibilityVersion = "Xcode 13.0";
			developmentRegion = en;
			hasScannedForEncodings = 0;
			knownRegions = (
				en,
				Base,
			);
			mainGroup = D63ED985298BD3510036DCAA;
			productRefGroup = D63ED98F298BD3510036DCAA /* Products */;
			projectDirPath = "";
			projectRoot = "";
			targets = (
				D63ED98D298BD3510036DCAA /* Calculator */,
				D63ED99D298BD3530036DCAA /* CalculatorTests */,
				D63ED9A7298BD3530036DCAA /* CalculatorUITests */,
			);
		};
/* End PBXProject section */

/* Begin PBXResourcesBuildPhase section */
		D63ED98C298BD3510036DCAA /* Resources */ = {
			isa = PBXResourcesBuildPhase;
			buildActionMask = 2147483647;
			files = (
				D63ED999298BD3520036DCAA /* Preview Assets.xcassets in Resources */,
				D63ED996298BD3520036DCAA /* Assets.xcassets in Resources */,
			);
			runOnlyForDeploymentPostprocessing = 0;
		};
		D63ED99C298BD3530036DCAA /* Resources */ = {
			isa = PBXResourcesBuildPhase;
			buildActionMask = 2147483647;
			files = (
			);
			runOnlyForDeploymentPostprocessing = 0;
		};
		D63ED9A6298BD3530036DCAA /* Resources */ = {
			isa = PBXResourcesBuildPhase;
			buildActionMask = 2147483647;
			files = (
			);
			runOnlyForDeploymentPostprocessing = 0;
		};
/* End PBXResourcesBuildPhase section */

/* Begin PBXSourcesBuildPhase section */
		D63ED98A298BD3510036DCAA /* Sources */ = {
			isa = PBXSourcesBuildPhase;
			buildActionMask = 2147483647;
			files = (
				D63ED9D5298C37B00036DCAA /* CalculatorViewModel.swift in Sources */,
				D6429D05298EEE0C0014AEA1 /* Strings.swift in Sources */,
				D63ED994298BD3510036DCAA /* ContentView.swift in Sources */,
				D63ED9CD298C226B0036DCAA /* CalculatorButton.swift in Sources */,
				D63ED9D2298C280F0036DCAA /* CalculatorDisplay.swift in Sources */,
				D63ED9C0298BF7100036DCAA /* Colors.swift in Sources */,
				D63ED9D0298C24C20036DCAA /* Styles.swift in Sources */,
				D63ED992298BD3510036DCAA /* CalculatorApp.swift in Sources */,
				D63ED9C9298C1ECA0036DCAA /* AppUtils.swift in Sources */,
				D63ED9C6298C01A30036DCAA /* ButtonEnums.swift in Sources */,
				D6983A362997C30D00C4DAE4 /* ButtonItem.swift in Sources */,
				D63ED9C2298BFE510036DCAA /* Constants.swift in Sources */,
			);
			runOnlyForDeploymentPostprocessing = 0;
		};
		D63ED99A298BD3530036DCAA /* Sources */ = {
			isa = PBXSourcesBuildPhase;
			buildActionMask = 2147483647;
			files = (
				D63ED9A3298BD3530036DCAA /* CalculatorTests.swift in Sources */,
			);
			runOnlyForDeploymentPostprocessing = 0;
		};
		D63ED9A4298BD3530036DCAA /* Sources */ = {
			isa = PBXSourcesBuildPhase;
			buildActionMask = 2147483647;
			files = (
				D63ED9AF298BD3530036DCAA /* CalculatorUITestsLaunchTests.swift in Sources */,
				D63ED9AD298BD3530036DCAA /* CalculatorUITests.swift in Sources */,
			);
			runOnlyForDeploymentPostprocessing = 0;
		};
/* End PBXSourcesBuildPhase section */

/* Begin PBXTargetDependency section */
		D63ED9A0298BD3530036DCAA /* PBXTargetDependency */ = {
			isa = PBXTargetDependency;
			target = D63ED98D298BD3510036DCAA /* Calculator */;
			targetProxy = D63ED99F298BD3530036DCAA /* PBXContainerItemProxy */;
		};
		D63ED9AA298BD3530036DCAA /* PBXTargetDependency */ = {
			isa = PBXTargetDependency;
			target = D63ED98D298BD3510036DCAA /* Calculator */;
			targetProxy = D63ED9A9298BD3530036DCAA /* PBXContainerItemProxy */;
		};
/* End PBXTargetDependency section */

/* Begin XCBuildConfiguration section */
		D63ED9B0298BD3530036DCAA /* Debug */ = {
			isa = XCBuildConfiguration;
			buildSettings = {
				ALWAYS_SEARCH_USER_PATHS = NO;
				CLANG_ANALYZER_NONNULL = YES;
				CLANG_ANALYZER_NUMBER_OBJECT_CONVERSION = YES_AGGRESSIVE;
				CLANG_CXX_LANGUAGE_STANDARD = "gnu++17";
				CLANG_ENABLE_MODULES = YES;
				CLANG_ENABLE_OBJC_ARC = YES;
				CLANG_ENABLE_OBJC_WEAK = YES;
				CLANG_WARN_BLOCK_CAPTURE_AUTORELEASING = YES;
				CLANG_WARN_BOOL_CONVERSION = YES;
				CLANG_WARN_COMMA = YES;
				CLANG_WARN_CONSTANT_CONVERSION = YES;
				CLANG_WARN_DEPRECATED_OBJC_IMPLEMENTATIONS = YES;
				CLANG_WARN_DIRECT_OBJC_ISA_USAGE = YES_ERROR;
				CLANG_WARN_DOCUMENTATION_COMMENTS = YES;
				CLANG_WARN_EMPTY_BODY = YES;
				CLANG_WARN_ENUM_CONVERSION = YES;
				CLANG_WARN_INFINITE_RECURSION = YES;
				CLANG_WARN_INT_CONVERSION = YES;
				CLANG_WARN_NON_LITERAL_NULL_CONVERSION = YES;
				CLANG_WARN_OBJC_IMPLICIT_RETAIN_SELF = YES;
				CLANG_WARN_OBJC_LITERAL_CONVERSION = YES;
				CLANG_WARN_OBJC_ROOT_CLASS = YES_ERROR;
				CLANG_WARN_QUOTED_INCLUDE_IN_FRAMEWORK_HEADER = YES;
				CLANG_WARN_RANGE_LOOP_ANALYSIS = YES;
				CLANG_WARN_STRICT_PROTOTYPES = YES;
				CLANG_WARN_SUSPICIOUS_MOVE = YES;
				CLANG_WARN_UNGUARDED_AVAILABILITY = YES_AGGRESSIVE;
				CLANG_WARN_UNREACHABLE_CODE = YES;
				CLANG_WARN__DUPLICATE_METHOD_MATCH = YES;
				COPY_PHASE_STRIP = NO;
				DEBUG_INFORMATION_FORMAT = dwarf;
				ENABLE_STRICT_OBJC_MSGSEND = YES;
				ENABLE_TESTABILITY = YES;
				GCC_C_LANGUAGE_STANDARD = gnu11;
				GCC_DYNAMIC_NO_PIC = NO;
				GCC_NO_COMMON_BLOCKS = YES;
				GCC_OPTIMIZATION_LEVEL = 0;
				GCC_PREPROCESSOR_DEFINITIONS = (
					"DEBUG=1",
					"$(inherited)",
				);
				GCC_WARN_64_TO_32_BIT_CONVERSION = YES;
				GCC_WARN_ABOUT_RETURN_TYPE = YES_ERROR;
				GCC_WARN_UNDECLARED_SELECTOR = YES;
				GCC_WARN_UNINITIALIZED_AUTOS = YES_AGGRESSIVE;
				GCC_WARN_UNUSED_FUNCTION = YES;
				GCC_WARN_UNUSED_VARIABLE = YES;
				IPHONEOS_DEPLOYMENT_TARGET = 15.5;
				MTL_ENABLE_DEBUG_INFO = INCLUDE_SOURCE;
				MTL_FAST_MATH = YES;
				ONLY_ACTIVE_ARCH = YES;
				SDKROOT = iphoneos;
				SWIFT_ACTIVE_COMPILATION_CONDITIONS = DEBUG;
				SWIFT_OPTIMIZATION_LEVEL = "-Onone";
			};
			name = Debug;
		};
		D63ED9B1298BD3530036DCAA /* Release */ = {
			isa = XCBuildConfiguration;
			buildSettings = {
				ALWAYS_SEARCH_USER_PATHS = NO;
				CLANG_ANALYZER_NONNULL = YES;
				CLANG_ANALYZER_NUMBER_OBJECT_CONVERSION = YES_AGGRESSIVE;
				CLANG_CXX_LANGUAGE_STANDARD = "gnu++17";
				CLANG_ENABLE_MODULES = YES;
				CLANG_ENABLE_OBJC_ARC = YES;
				CLANG_ENABLE_OBJC_WEAK = YES;
				CLANG_WARN_BLOCK_CAPTURE_AUTORELEASING = YES;
				CLANG_WARN_BOOL_CONVERSION = YES;
				CLANG_WARN_COMMA = YES;
				CLANG_WARN_CONSTANT_CONVERSION = YES;
				CLANG_WARN_DEPRECATED_OBJC_IMPLEMENTATIONS = YES;
				CLANG_WARN_DIRECT_OBJC_ISA_USAGE = YES_ERROR;
				CLANG_WARN_DOCUMENTATION_COMMENTS = YES;
				CLANG_WARN_EMPTY_BODY = YES;
				CLANG_WARN_ENUM_CONVERSION = YES;
				CLANG_WARN_INFINITE_RECURSION = YES;
				CLANG_WARN_INT_CONVERSION = YES;
				CLANG_WARN_NON_LITERAL_NULL_CONVERSION = YES;
				CLANG_WARN_OBJC_IMPLICIT_RETAIN_SELF = YES;
				CLANG_WARN_OBJC_LITERAL_CONVERSION = YES;
				CLANG_WARN_OBJC_ROOT_CLASS = YES_ERROR;
				CLANG_WARN_QUOTED_INCLUDE_IN_FRAMEWORK_HEADER = YES;
				CLANG_WARN_RANGE_LOOP_ANALYSIS = YES;
				CLANG_WARN_STRICT_PROTOTYPES = YES;
				CLANG_WARN_SUSPICIOUS_MOVE = YES;
				CLANG_WARN_UNGUARDED_AVAILABILITY = YES_AGGRESSIVE;
				CLANG_WARN_UNREACHABLE_CODE = YES;
				CLANG_WARN__DUPLICATE_METHOD_MATCH = YES;
				COPY_PHASE_STRIP = NO;
				DEBUG_INFORMATION_FORMAT = "dwarf-with-dsym";
				ENABLE_NS_ASSERTIONS = NO;
				ENABLE_STRICT_OBJC_MSGSEND = YES;
				GCC_C_LANGUAGE_STANDARD = gnu11;
				GCC_NO_COMMON_BLOCKS = YES;
				GCC_WARN_64_TO_32_BIT_CONVERSION = YES;
				GCC_WARN_ABOUT_RETURN_TYPE = YES_ERROR;
				GCC_WARN_UNDECLARED_SELECTOR = YES;
				GCC_WARN_UNINITIALIZED_AUTOS = YES_AGGRESSIVE;
				GCC_WARN_UNUSED_FUNCTION = YES;
				GCC_WARN_UNUSED_VARIABLE = YES;
				IPHONEOS_DEPLOYMENT_TARGET = 15.5;
				MTL_ENABLE_DEBUG_INFO = NO;
				MTL_FAST_MATH = YES;
				SDKROOT = iphoneos;
				SWIFT_COMPILATION_MODE = wholemodule;
				SWIFT_OPTIMIZATION_LEVEL = "-O";
				VALIDATE_PRODUCT = YES;
			};
			name = Release;
		};
		D63ED9B3298BD3530036DCAA /* Debug */ = {
			isa = XCBuildConfiguration;
			buildSettings = {
				ASSETCATALOG_COMPILER_APPICON_NAME = AppIcon;
				ASSETCATALOG_COMPILER_GLOBAL_ACCENT_COLOR_NAME = AccentColor;
				CODE_SIGN_STYLE = Automatic;
				CURRENT_PROJECT_VERSION = 1;
				DEVELOPMENT_ASSET_PATHS = "\"Calculator/Preview Content\"";
				DEVELOPMENT_TEAM = YJFKQULBT3;
				ENABLE_PREVIEWS = YES;
				GENERATE_INFOPLIST_FILE = YES;
				INFOPLIST_KEY_UIApplicationSceneManifest_Generation = YES;
				INFOPLIST_KEY_UIApplicationSupportsIndirectInputEvents = YES;
				INFOPLIST_KEY_UILaunchScreen_Generation = YES;
				INFOPLIST_KEY_UISupportedInterfaceOrientations_iPad = "UIInterfaceOrientationPortrait UIInterfaceOrientationPortraitUpsideDown UIInterfaceOrientationLandscapeLeft UIInterfaceOrientationLandscapeRight";
				INFOPLIST_KEY_UISupportedInterfaceOrientations_iPhone = "UIInterfaceOrientationPortrait UIInterfaceOrientationLandscapeLeft UIInterfaceOrientationLandscapeRight";
				LD_RUNPATH_SEARCH_PATHS = (
					"$(inherited)",
					"@executable_path/Frameworks",
				);
				MARKETING_VERSION = 1.0;
				PRODUCT_BUNDLE_IDENTIFIER = app.Calculator;
				PRODUCT_NAME = "$(TARGET_NAME)";
				SWIFT_EMIT_LOC_STRINGS = YES;
				SWIFT_VERSION = 5.0;
				TARGETED_DEVICE_FAMILY = "1,2";
			};
			name = Debug;
		};
		D63ED9B4298BD3530036DCAA /* Release */ = {
			isa = XCBuildConfiguration;
			buildSettings = {
				ASSETCATALOG_COMPILER_APPICON_NAME = AppIcon;
				ASSETCATALOG_COMPILER_GLOBAL_ACCENT_COLOR_NAME = AccentColor;
				CODE_SIGN_STYLE = Automatic;
				CURRENT_PROJECT_VERSION = 1;
				DEVELOPMENT_ASSET_PATHS = "\"Calculator/Preview Content\"";
				DEVELOPMENT_TEAM = YJFKQULBT3;
				ENABLE_PREVIEWS = YES;
				GENERATE_INFOPLIST_FILE = YES;
				INFOPLIST_KEY_UIApplicationSceneManifest_Generation = YES;
				INFOPLIST_KEY_UIApplicationSupportsIndirectInputEvents = YES;
				INFOPLIST_KEY_UILaunchScreen_Generation = YES;
				INFOPLIST_KEY_UISupportedInterfaceOrientations_iPad = "UIInterfaceOrientationPortrait UIInterfaceOrientationPortraitUpsideDown UIInterfaceOrientationLandscapeLeft UIInterfaceOrientationLandscapeRight";
				INFOPLIST_KEY_UISupportedInterfaceOrientations_iPhone = "UIInterfaceOrientationPortrait UIInterfaceOrientationLandscapeLeft UIInterfaceOrientationLandscapeRight";
				LD_RUNPATH_SEARCH_PATHS = (
					"$(inherited)",
					"@executable_path/Frameworks",
				);
				MARKETING_VERSION = 1.0;
				PRODUCT_BUNDLE_IDENTIFIER = app.Calculator;
				PRODUCT_NAME = "$(TARGET_NAME)";
				SWIFT_EMIT_LOC_STRINGS = YES;
				SWIFT_VERSION = 5.0;
				TARGETED_DEVICE_FAMILY = "1,2";
			};
			name = Release;
		};
		D63ED9B6298BD3530036DCAA /* Debug */ = {
			isa = XCBuildConfiguration;
			buildSettings = {
				ALWAYS_EMBED_SWIFT_STANDARD_LIBRARIES = YES;
				BUNDLE_LOADER = "$(TEST_HOST)";
				CODE_SIGN_STYLE = Automatic;
				CURRENT_PROJECT_VERSION = 1;
				DEVELOPMENT_TEAM = YJFKQULBT3;
				GENERATE_INFOPLIST_FILE = YES;
				IPHONEOS_DEPLOYMENT_TARGET = 15.5;
				MARKETING_VERSION = 1.0;
				PRODUCT_BUNDLE_IDENTIFIER = app.CalculatorTests;
				PRODUCT_NAME = "$(TARGET_NAME)";
				SWIFT_EMIT_LOC_STRINGS = NO;
				SWIFT_VERSION = 5.0;
				TARGETED_DEVICE_FAMILY = "1,2";
				TEST_HOST = "$(BUILT_PRODUCTS_DIR)/Calculator.app/Calculator";
			};
			name = Debug;
		};
		D63ED9B7298BD3530036DCAA /* Release */ = {
			isa = XCBuildConfiguration;
			buildSettings = {
				ALWAYS_EMBED_SWIFT_STANDARD_LIBRARIES = YES;
				BUNDLE_LOADER = "$(TEST_HOST)";
				CODE_SIGN_STYLE = Automatic;
				CURRENT_PROJECT_VERSION = 1;
				DEVELOPMENT_TEAM = YJFKQULBT3;
				GENERATE_INFOPLIST_FILE = YES;
				IPHONEOS_DEPLOYMENT_TARGET = 15.5;
				MARKETING_VERSION = 1.0;
				PRODUCT_BUNDLE_IDENTIFIER = app.CalculatorTests;
				PRODUCT_NAME = "$(TARGET_NAME)";
				SWIFT_EMIT_LOC_STRINGS = NO;
				SWIFT_VERSION = 5.0;
				TARGETED_DEVICE_FAMILY = "1,2";
				TEST_HOST = "$(BUILT_PRODUCTS_DIR)/Calculator.app/Calculator";
			};
			name = Release;
		};
		D63ED9B9298BD3530036DCAA /* Debug */ = {
			isa = XCBuildConfiguration;
			buildSettings = {
				ALWAYS_EMBED_SWIFT_STANDARD_LIBRARIES = YES;
				CODE_SIGN_STYLE = Automatic;
				CURRENT_PROJECT_VERSION = 1;
				DEVELOPMENT_TEAM = YJFKQULBT3;
				GENERATE_INFOPLIST_FILE = YES;
				MARKETING_VERSION = 1.0;
				PRODUCT_BUNDLE_IDENTIFIER = app.CalculatorUITests;
				PRODUCT_NAME = "$(TARGET_NAME)";
				SWIFT_EMIT_LOC_STRINGS = NO;
				SWIFT_VERSION = 5.0;
				TARGETED_DEVICE_FAMILY = "1,2";
				TEST_TARGET_NAME = Calculator;
			};
			name = Debug;
		};
		D63ED9BA298BD3530036DCAA /* Release */ = {
			isa = XCBuildConfiguration;
			buildSettings = {
				ALWAYS_EMBED_SWIFT_STANDARD_LIBRARIES = YES;
				CODE_SIGN_STYLE = Automatic;
				CURRENT_PROJECT_VERSION = 1;
				DEVELOPMENT_TEAM = YJFKQULBT3;
				GENERATE_INFOPLIST_FILE = YES;
				MARKETING_VERSION = 1.0;
				PRODUCT_BUNDLE_IDENTIFIER = app.CalculatorUITests;
				PRODUCT_NAME = "$(TARGET_NAME)";
				SWIFT_EMIT_LOC_STRINGS = NO;
				SWIFT_VERSION = 5.0;
				TARGETED_DEVICE_FAMILY = "1,2";
				TEST_TARGET_NAME = Calculator;
			};
			name = Release;
		};
/* End XCBuildConfiguration section */

/* Begin XCConfigurationList section */
		D63ED989298BD3510036DCAA /* Build configuration list for PBXProject "Calculator" */ = {
			isa = XCConfigurationList;
			buildConfigurations = (
				D63ED9B0298BD3530036DCAA /* Debug */,
				D63ED9B1298BD3530036DCAA /* Release */,
			);
			defaultConfigurationIsVisible = 0;
			defaultConfigurationName = Release;
		};
		D63ED9B2298BD3530036DCAA /* Build configuration list for PBXNativeTarget "Calculator" */ = {
			isa = XCConfigurationList;
			buildConfigurations = (
				D63ED9B3298BD3530036DCAA /* Debug */,
				D63ED9B4298BD3530036DCAA /* Release */,
			);
			defaultConfigurationIsVisible = 0;
			defaultConfigurationName = Release;
		};
		D63ED9B5298BD3530036DCAA /* Build configuration list for PBXNativeTarget "CalculatorTests" */ = {
			isa = XCConfigurationList;
			buildConfigurations = (
				D63ED9B6298BD3530036DCAA /* Debug */,
				D63ED9B7298BD3530036DCAA /* Release */,
			);
			defaultConfigurationIsVisible = 0;
			defaultConfigurationName = Release;
		};
		D63ED9B8298BD3530036DCAA /* Build configuration list for PBXNativeTarget "CalculatorUITests" */ = {
			isa = XCConfigurationList;
			buildConfigurations = (
				D63ED9B9298BD3530036DCAA /* Debug */,
				D63ED9BA298BD3530036DCAA /* Release */,
			);
			defaultConfigurationIsVisible = 0;
			defaultConfigurationName = Release;
		};
/* End XCConfigurationList section */
	};
	rootObject = D63ED986298BD3510036DCAA /* Project object */;
}
